
Microsoft Visual Studio Solution File, Format Version 12.00
# Visual Studio Version 17
VisualStudioVersion = 17.9.34902.65
MinimumVisualStudioVersion = 10.0.40219.1
Project("{8BC9CEB8-8B4A-11D0-8D11-00A0C91BC942}") = "summer24.7.15", "summer24.7.15\summer24.7.15.vcxproj", "{F7AE3A42-2F26-4073-983E-466343890D09}"
EndProject
Project("{8BC9CEB8-8B4A-11D0-8D11-00A0C91BC942}") = "ConsoleApplication1", "ConsoleApplication1\ConsoleApplication1.vcxproj", "{D49FBD8C-AC7A-4CC9-A67C-703825790B91}"
EndProject
Project("{8BC9CEB8-8B4A-11D0-8D11-00A0C91BC942}") = "ConsoleApplication2", "ConsoleApplication2\ConsoleApplication2.vcxproj", "{909547F3-E21A-49D5-83A7-DE6302D6D58E}"
EndProject
Global
	GlobalSection(SolutionConfigurationPlatforms) = preSolution
		Debug|x64 = Debug|x64
		Debug|x86 = Debug|x86
		Release|x64 = Release|x64
		Release|x86 = Release|x86
	EndGlobalSection
	GlobalSection(ProjectConfigurationPlatforms) = postSolution
		{F7AE3A42-2F26-4073-983E-466343890D09}.Debug|x64.ActiveCfg = Debug|x64
		{F7AE3A42-2F26-4073-983E-466343890D09}.Debug|x64.Build.0 = Debug|x64
		{F7AE3A42-2F26-4073-983E-466343890D09}.Debug|x86.ActiveCfg = Debug|Win32
		{F7AE3A42-2F26-4073-983E-466343890D09}.Debug|x86.Build.0 = Debug|Win32
		{F7AE3A42-2F26-4073-983E-466343890D09}.Release|x64.ActiveCfg = Release|x64
		{F7AE3A42-2F26-4073-983E-466343890D09}.Release|x64.Build.0 = Release|x64
		{F7AE3A42-2F26-4073-983E-466343890D09}.Release|x86.ActiveCfg = Release|Win32
		{F7AE3A42-2F26-4073-983E-466343890D09}.Release|x86.Build.0 = Release|Win32
		{D49FBD8C-AC7A-4CC9-A67C-703825790B91}.Debug|x64.ActiveCfg = Debug|x64
		{D49FBD8C-AC7A-4CC9-A67C-703825790B91}.Debug|x64.Build.0 = Debug|x64
		{D49FBD8C-AC7A-4CC9-A67C-703825790B91}.Debug|x86.ActiveCfg = Debug|Win32
		{D49FBD8C-AC7A-4CC9-A67C-703825790B91}.Debug|x86.Build.0 = Debug|Win32
		{D49FBD8C-AC7A-4CC9-A67C-703825790B91}.Release|x64.ActiveCfg = Release|x64
		{D49FBD8C-AC7A-4CC9-A67C-703825790B91}.Release|x64.Build.0 = Release|x64
		{D49FBD8C-AC7A-4CC9-A67C-703825790B91}.Release|x86.ActiveCfg = Release|Win32
		{D49FBD8C-AC7A-4CC9-A67C-703825790B91}.Release|x86.Build.0 = Release|Win32
		{909547F3-E21A-49D5-83A7-DE6302D6D58E}.Debug|x64.ActiveCfg = Debug|x64
		{909547F3-E21A-49D5-83A7-DE6302D6D58E}.Debug|x64.Build.0 = Debug|x64
		{909547F3-E21A-49D5-83A7-DE6302D6D58E}.Debug|x86.ActiveCfg = Debug|Win32
		{909547F3-E21A-49D5-83A7-DE6302D6D58E}.Debug|x86.Build.0 = Debug|Win32
		{909547F3-E21A-49D5-83A7-DE6302D6D58E}.Release|x64.ActiveCfg = Release|x64
		{909547F3-E21A-49D5-83A7-DE6302D6D58E}.Release|x64.Build.0 = Release|x64
		{909547F3-E21A-49D5-83A7-DE6302D6D58E}.Release|x86.ActiveCfg = Release|Win32
		{909547F3-E21A-49D5-83A7-DE6302D6D58E}.Release|x86.Build.0 = Release|Win32
	EndGlobalSection
	GlobalSection(SolutionProperties) = preSolution
		HideSolutionNode = FALSE
	EndGlobalSection
	GlobalSection(ExtensibilityGlobals) = postSolution
		SolutionGuid = {FBAD7EA2-908A-46FF-BFB0-7E75A12492CD}
	EndGlobalSection
EndGlobal
